// !$*UTF8*$!
{
	archiveVersion = 1;
	classes = {
	};
	objectVersion = 56;
	objects = {

/* Begin PBXBuildFile section */
		C52F2EB529E190200052C2AB /* ActivityComparativeResponse.swift in Sources */ = {isa = PBXBuildFile; fileRef = C52F2EB429E190200052C2AB /* ActivityComparativeResponse.swift */; };
		C52F2EB929E19A6E0052C2AB /* WebBrowserView.swift in Sources */ = {isa = PBXBuildFile; fileRef = C52F2EB829E19A6E0052C2AB /* WebBrowserView.swift */; };
		C52F2EBB29E299570052C2AB /* SubjectRequest.swift in Sources */ = {isa = PBXBuildFile; fileRef = C52F2EBA29E299570052C2AB /* SubjectRequest.swift */; };
		C530BB2B2A1F69E80062B134 /* RoadmapView.swift in Sources */ = {isa = PBXBuildFile; fileRef = C530BB2A2A1F69E80062B134 /* RoadmapView.swift */; };
		C53FF55929DBE95E009337B2 /* APIError.swift in Sources */ = {isa = PBXBuildFile; fileRef = C53FF55829DBE95E009337B2 /* APIError.swift */; };
		C54A38BC2A243D9E00547D71 /* Instruction.swift in Sources */ = {isa = PBXBuildFile; fileRef = C54A38BB2A243D9E00547D71 /* Instruction.swift */; };
		C54A38BE2A2448B000547D71 /* Subject.swift in Sources */ = {isa = PBXBuildFile; fileRef = C54A38BD2A2448B000547D71 /* Subject.swift */; };
		C54A38C02A2448F100547D71 /* SubjectResponse.swift in Sources */ = {isa = PBXBuildFile; fileRef = C54A38BF2A2448F100547D71 /* SubjectResponse.swift */; };
		C555B9FD29D664F200812F43 /* IntroduceLangauge.swift in Sources */ = {isa = PBXBuildFile; fileRef = C555B9FC29D664F200812F43 /* IntroduceLangauge.swift */; };
		C555BA0029D6656700812F43 /* APIURL.swift in Sources */ = {isa = PBXBuildFile; fileRef = C555B9FF29D6656700812F43 /* APIURL.swift */; };
		C57647122A01009F00338605 /* Roadmap.swift in Sources */ = {isa = PBXBuildFile; fileRef = C57647112A01009F00338605 /* Roadmap.swift */; };
		C5844ABD29C95B4E00FF28C8 /* Launch Screen.storyboard in Resources */ = {isa = PBXBuildFile; fileRef = C5844ABC29C95B4E00FF28C8 /* Launch Screen.storyboard */; };
		C58EFA5429D291BB00968192 /* UserResponse.swift in Sources */ = {isa = PBXBuildFile; fileRef = C58EFA5329D291BB00968192 /* UserResponse.swift */; };
		C58EFA5629D291F800968192 /* UserRequest.swift in Sources */ = {isa = PBXBuildFile; fileRef = C58EFA5529D291F800968192 /* UserRequest.swift */; };
		C58EFA5829D2CF0000968192 /* Trend.swift in Sources */ = {isa = PBXBuildFile; fileRef = C58EFA5729D2CF0000968192 /* Trend.swift */; };
		C58EFA5A29D2D17700968192 /* HomeView.swift in Sources */ = {isa = PBXBuildFile; fileRef = C58EFA5929D2D17700968192 /* HomeView.swift */; };
		C5B2A4002A190AB100418AC5 /* RoadmapJob.swift in Sources */ = {isa = PBXBuildFile; fileRef = C5B2A3FF2A190AB100418AC5 /* RoadmapJob.swift */; };
		C5B34E932A0629570030A763 /* ActivityCurriculumResponse.swift in Sources */ = {isa = PBXBuildFile; fileRef = C5B34E922A0629570030A763 /* ActivityCurriculumResponse.swift */; };
		C5BBF5E52978365400E926A2 /* AppView.swift in Sources */ = {isa = PBXBuildFile; fileRef = C5BBF5E42978365400E926A2 /* AppView.swift */; };
		C5BBF5E7297836A800E926A2 /* StartView.swift in Sources */ = {isa = PBXBuildFile; fileRef = C5BBF5E6297836A800E926A2 /* StartView.swift */; };
		C5BBF5EB2978397D00E926A2 /* UserInformationView.swift in Sources */ = {isa = PBXBuildFile; fileRef = C5BBF5EA2978397D00E926A2 /* UserInformationView.swift */; };
		C5BBF5ED297839D100E926A2 /* ModifyInformationView.swift in Sources */ = {isa = PBXBuildFile; fileRef = C5BBF5EC297839D100E926A2 /* ModifyInformationView.swift */; };
		C5BD58EC2A24D9F200201F0E /* IntroduceSubjectResponse.swift in Sources */ = {isa = PBXBuildFile; fileRef = C5BD58EB2A24D9F200201F0E /* IntroduceSubjectResponse.swift */; };
		C5BD58EE2A24DA4900201F0E /* IntroduceSubjectRequest.swift in Sources */ = {isa = PBXBuildFile; fileRef = C5BD58ED2A24DA4900201F0E /* IntroduceSubjectRequest.swift */; };
		C5BF1AE229A9DC8200A0977E /* SearchView.swift in Sources */ = {isa = PBXBuildFile; fileRef = C5BF1AE129A9DC8200A0977E /* SearchView.swift */; };
		C5C074F329782A1A001B559F /* SJUCourseRecommendationServiceApp.swift in Sources */ = {isa = PBXBuildFile; fileRef = C5C074F229782A1A001B559F /* SJUCourseRecommendationServiceApp.swift */; };
		C5C074F729782A1B001B559F /* Assets.xcassets in Resources */ = {isa = PBXBuildFile; fileRef = C5C074F629782A1B001B559F /* Assets.xcassets */; };
		C5C074FA29782A1B001B559F /* Preview Assets.xcassets in Resources */ = {isa = PBXBuildFile; fileRef = C5C074F929782A1B001B559F /* Preview Assets.xcassets */; };
		C5EADBD429C3E7BC00C943A3 /* ScrollViewOffsetPreferenceKey.swift in Sources */ = {isa = PBXBuildFile; fileRef = C5EADBD329C3E7BC00C943A3 /* ScrollViewOffsetPreferenceKey.swift */; };
		C5EFABB029A9E89E0006E174 /* AptitudeDetailView.swift in Sources */ = {isa = PBXBuildFile; fileRef = C5EFABAF29A9E89E0006E174 /* AptitudeDetailView.swift */; };
		C5F1A2AE29E52401004EEAD2 /* JobResponse.swift in Sources */ = {isa = PBXBuildFile; fileRef = C5F1A2AD29E52401004EEAD2 /* JobResponse.swift */; };
		C5F1A2B029E52A1E004EEAD2 /* JobRequest.swift in Sources */ = {isa = PBXBuildFile; fileRef = C5F1A2AF29E52A1E004EEAD2 /* JobRequest.swift */; };
		C5F1A2B429E53210004EEAD2 /* Stack.swift in Sources */ = {isa = PBXBuildFile; fileRef = C5F1A2B329E53210004EEAD2 /* Stack.swift */; };
		C5F1A2B629E54564004EEAD2 /* IntroduceJobRequest.swift in Sources */ = {isa = PBXBuildFile; fileRef = C5F1A2B529E54564004EEAD2 /* IntroduceJobRequest.swift */; };
		C5F1A2B829E545C8004EEAD2 /* IntroduceJobResponse.swift in Sources */ = {isa = PBXBuildFile; fileRef = C5F1A2B729E545C8004EEAD2 /* IntroduceJobResponse.swift */; };
/* End PBXBuildFile section */

/* Begin PBXFileReference section */
		C52F2EB429E190200052C2AB /* ActivityComparativeResponse.swift */ = {isa = PBXFileReference; lastKnownFileType = sourcecode.swift; path = ActivityComparativeResponse.swift; sourceTree = "<group>"; };
		C52F2EB829E19A6E0052C2AB /* WebBrowserView.swift */ = {isa = PBXFileReference; lastKnownFileType = sourcecode.swift; path = WebBrowserView.swift; sourceTree = "<group>"; };
		C52F2EBA29E299570052C2AB /* SubjectRequest.swift */ = {isa = PBXFileReference; lastKnownFileType = sourcecode.swift; path = SubjectRequest.swift; sourceTree = "<group>"; };
		C530BB2A2A1F69E80062B134 /* RoadmapView.swift */ = {isa = PBXFileReference; lastKnownFileType = sourcecode.swift; path = RoadmapView.swift; sourceTree = "<group>"; };
		C53FF55829DBE95E009337B2 /* APIError.swift */ = {isa = PBXFileReference; lastKnownFileType = sourcecode.swift; path = APIError.swift; sourceTree = "<group>"; };
		C54A38BB2A243D9E00547D71 /* Instruction.swift */ = {isa = PBXFileReference; lastKnownFileType = sourcecode.swift; path = Instruction.swift; sourceTree = "<group>"; };
		C54A38BD2A2448B000547D71 /* Subject.swift */ = {isa = PBXFileReference; lastKnownFileType = sourcecode.swift; path = Subject.swift; sourceTree = "<group>"; };
		C54A38BF2A2448F100547D71 /* SubjectResponse.swift */ = {isa = PBXFileReference; lastKnownFileType = sourcecode.swift; path = SubjectResponse.swift; sourceTree = "<group>"; };
		C555B9FC29D664F200812F43 /* IntroduceLangauge.swift */ = {isa = PBXFileReference; lastKnownFileType = sourcecode.swift; path = IntroduceLangauge.swift; sourceTree = "<group>"; };
		C555B9FF29D6656700812F43 /* APIURL.swift */ = {isa = PBXFileReference; lastKnownFileType = sourcecode.swift; path = APIURL.swift; sourceTree = "<group>"; };
		C57647112A01009F00338605 /* Roadmap.swift */ = {isa = PBXFileReference; lastKnownFileType = sourcecode.swift; path = Roadmap.swift; sourceTree = "<group>"; };
		C5844ABC29C95B4E00FF28C8 /* Launch Screen.storyboard */ = {isa = PBXFileReference; lastKnownFileType = file.storyboard; path = "Launch Screen.storyboard"; sourceTree = "<group>"; };
		C58EFA5329D291BB00968192 /* UserResponse.swift */ = {isa = PBXFileReference; lastKnownFileType = sourcecode.swift; path = UserResponse.swift; sourceTree = "<group>"; };
		C58EFA5529D291F800968192 /* UserRequest.swift */ = {isa = PBXFileReference; lastKnownFileType = sourcecode.swift; path = UserRequest.swift; sourceTree = "<group>"; };
		C58EFA5729D2CF0000968192 /* Trend.swift */ = {isa = PBXFileReference; lastKnownFileType = sourcecode.swift; path = Trend.swift; sourceTree = "<group>"; };
		C58EFA5929D2D17700968192 /* HomeView.swift */ = {isa = PBXFileReference; lastKnownFileType = sourcecode.swift; path = HomeView.swift; sourceTree = "<group>"; };
		C5B2A3FF2A190AB100418AC5 /* RoadmapJob.swift */ = {isa = PBXFileReference; lastKnownFileType = sourcecode.swift; path = RoadmapJob.swift; sourceTree = "<group>"; };
		C5B34E922A0629570030A763 /* ActivityCurriculumResponse.swift */ = {isa = PBXFileReference; lastKnownFileType = sourcecode.swift; path = ActivityCurriculumResponse.swift; sourceTree = "<group>"; };
		C5BBF5E32978307000E926A2 /* Info.plist */ = {isa = PBXFileReference; lastKnownFileType = text.plist; path = Info.plist; sourceTree = "<group>"; };
		C5BBF5E42978365400E926A2 /* AppView.swift */ = {isa = PBXFileReference; lastKnownFileType = sourcecode.swift; path = AppView.swift; sourceTree = "<group>"; };
		C5BBF5E6297836A800E926A2 /* StartView.swift */ = {isa = PBXFileReference; lastKnownFileType = sourcecode.swift; path = StartView.swift; sourceTree = "<group>"; };
		C5BBF5EA2978397D00E926A2 /* UserInformationView.swift */ = {isa = PBXFileReference; lastKnownFileType = sourcecode.swift; path = UserInformationView.swift; sourceTree = "<group>"; };
		C5BBF5EC297839D100E926A2 /* ModifyInformationView.swift */ = {isa = PBXFileReference; lastKnownFileType = sourcecode.swift; path = ModifyInformationView.swift; sourceTree = "<group>"; };
		C5BD58EB2A24D9F200201F0E /* IntroduceSubjectResponse.swift */ = {isa = PBXFileReference; lastKnownFileType = sourcecode.swift; path = IntroduceSubjectResponse.swift; sourceTree = "<group>"; };
		C5BD58ED2A24DA4900201F0E /* IntroduceSubjectRequest.swift */ = {isa = PBXFileReference; lastKnownFileType = sourcecode.swift; path = IntroduceSubjectRequest.swift; sourceTree = "<group>"; };
		C5BF1AE129A9DC8200A0977E /* SearchView.swift */ = {isa = PBXFileReference; lastKnownFileType = sourcecode.swift; path = SearchView.swift; sourceTree = "<group>"; };
		C5C074EF29782A1A001B559F /* SJUCourseRecommendationService.app */ = {isa = PBXFileReference; explicitFileType = wrapper.application; includeInIndex = 0; path = SJUCourseRecommendationService.app; sourceTree = BUILT_PRODUCTS_DIR; };
		C5C074F229782A1A001B559F /* SJUCourseRecommendationServiceApp.swift */ = {isa = PBXFileReference; lastKnownFileType = sourcecode.swift; path = SJUCourseRecommendationServiceApp.swift; sourceTree = "<group>"; };
		C5C074F629782A1B001B559F /* Assets.xcassets */ = {isa = PBXFileReference; lastKnownFileType = folder.assetcatalog; path = Assets.xcassets; sourceTree = "<group>"; };
		C5C074F929782A1B001B559F /* Preview Assets.xcassets */ = {isa = PBXFileReference; lastKnownFileType = folder.assetcatalog; path = "Preview Assets.xcassets"; sourceTree = "<group>"; };
		C5EADBD329C3E7BC00C943A3 /* ScrollViewOffsetPreferenceKey.swift */ = {isa = PBXFileReference; fileEncoding = 4; lastKnownFileType = sourcecode.swift; path = ScrollViewOffsetPreferenceKey.swift; sourceTree = "<group>"; };
		C5EFABAF29A9E89E0006E174 /* AptitudeDetailView.swift */ = {isa = PBXFileReference; lastKnownFileType = sourcecode.swift; path = AptitudeDetailView.swift; sourceTree = "<group>"; };
		C5F1A2AD29E52401004EEAD2 /* JobResponse.swift */ = {isa = PBXFileReference; lastKnownFileType = sourcecode.swift; path = JobResponse.swift; sourceTree = "<group>"; };
		C5F1A2AF29E52A1E004EEAD2 /* JobRequest.swift */ = {isa = PBXFileReference; lastKnownFileType = sourcecode.swift; path = JobRequest.swift; sourceTree = "<group>"; };
		C5F1A2B329E53210004EEAD2 /* Stack.swift */ = {isa = PBXFileReference; lastKnownFileType = sourcecode.swift; path = Stack.swift; sourceTree = "<group>"; };
		C5F1A2B529E54564004EEAD2 /* IntroduceJobRequest.swift */ = {isa = PBXFileReference; lastKnownFileType = sourcecode.swift; path = IntroduceJobRequest.swift; sourceTree = "<group>"; };
		C5F1A2B729E545C8004EEAD2 /* IntroduceJobResponse.swift */ = {isa = PBXFileReference; lastKnownFileType = sourcecode.swift; path = IntroduceJobResponse.swift; sourceTree = "<group>"; };
/* End PBXFileReference section */

/* Begin PBXFrameworksBuildPhase section */
		C5C074EC29782A1A001B559F /* Frameworks */ = {
			isa = PBXFrameworksBuildPhase;
			buildActionMask = 2147483647;
			files = (
			);
			runOnlyForDeploymentPostprocessing = 0;
		};
/* End PBXFrameworksBuildPhase section */

/* Begin PBXGroup section */
		C555B9FE29D6655200812F43 /* API */ = {
			isa = PBXGroup;
			children = (
				C555B9FF29D6656700812F43 /* APIURL.swift */,
				C53FF55829DBE95E009337B2 /* APIError.swift */,
			);
			path = API;
			sourceTree = "<group>";
		};
		C58EFA4C29D2906F00968192 /* Model */ = {
			isa = PBXGroup;
			children = (
				C555B9FC29D664F200812F43 /* IntroduceLangauge.swift */,
				C5BD58ED2A24DA4900201F0E /* IntroduceSubjectRequest.swift */,
				C54A38BD2A2448B000547D71 /* Subject.swift */,
				C54A38BF2A2448F100547D71 /* SubjectResponse.swift */,
				C58EFA5329D291BB00968192 /* UserResponse.swift */,
				C58EFA5729D2CF0000968192 /* Trend.swift */,
				C58EFA5529D291F800968192 /* UserRequest.swift */,
				C52F2EB429E190200052C2AB /* ActivityComparativeResponse.swift */,
				C5B34E922A0629570030A763 /* ActivityCurriculumResponse.swift */,
				C52F2EBA29E299570052C2AB /* SubjectRequest.swift */,
				C5F1A2AD29E52401004EEAD2 /* JobResponse.swift */,
				C54A38BB2A243D9E00547D71 /* Instruction.swift */,
				C5F1A2AF29E52A1E004EEAD2 /* JobRequest.swift */,
				C5F1A2B729E545C8004EEAD2 /* IntroduceJobResponse.swift */,
				C5F1A2B529E54564004EEAD2 /* IntroduceJobRequest.swift */,
				C5F1A2B329E53210004EEAD2 /* Stack.swift */,
				C57647112A01009F00338605 /* Roadmap.swift */,
				C5B2A3FF2A190AB100418AC5 /* RoadmapJob.swift */,
				C5BD58EB2A24D9F200201F0E /* IntroduceSubjectResponse.swift */,
			);
			path = Model;
			sourceTree = "<group>";
		};
		C5C074E629782A1A001B559F = {
			isa = PBXGroup;
			children = (
				C5C074F129782A1A001B559F /* SJUCourseRecommendationService */,
				C5C074F029782A1A001B559F /* Products */,
			);
			sourceTree = "<group>";
		};
		C5C074F029782A1A001B559F /* Products */ = {
			isa = PBXGroup;
			children = (
				C5C074EF29782A1A001B559F /* SJUCourseRecommendationService.app */,
			);
			name = Products;
			sourceTree = "<group>";
		};
		C5C074F129782A1A001B559F /* SJUCourseRecommendationService */ = {
			isa = PBXGroup;
			children = (
				C555B9FE29D6655200812F43 /* API */,
				C58EFA4C29D2906F00968192 /* Model */,
				C5EADBD229C3E7AA00C943A3 /* Common */,
				C5EADBD129C3E79800C943A3 /* View */,
				C5BBF5E32978307000E926A2 /* Info.plist */,
				C5C074F229782A1A001B559F /* SJUCourseRecommendationServiceApp.swift */,
				C5C074F629782A1B001B559F /* Assets.xcassets */,
				C5C074F829782A1B001B559F /* Preview Content */,
			);
			path = SJUCourseRecommendationService;
			sourceTree = "<group>";
		};
		C5C074F829782A1B001B559F /* Preview Content */ = {
			isa = PBXGroup;
			children = (
				C5C074F929782A1B001B559F /* Preview Assets.xcassets */,
			);
			path = "Preview Content";
			sourceTree = "<group>";
		};
		C5EADBD129C3E79800C943A3 /* View */ = {
			isa = PBXGroup;
			children = (
				C5BBF5E42978365400E926A2 /* AppView.swift */,
				C5844ABC29C95B4E00FF28C8 /* Launch Screen.storyboard */,
				C5BBF5E6297836A800E926A2 /* StartView.swift */,
				C5BF1AE129A9DC8200A0977E /* SearchView.swift */,
				C58EFA5929D2D17700968192 /* HomeView.swift */,
				C530BB2A2A1F69E80062B134 /* RoadmapView.swift */,
				C52F2EB829E19A6E0052C2AB /* WebBrowserView.swift */,
				C5EFABAF29A9E89E0006E174 /* AptitudeDetailView.swift */,
				C5BBF5EA2978397D00E926A2 /* UserInformationView.swift */,
				C5BBF5EC297839D100E926A2 /* ModifyInformationView.swift */,
			);
			path = View;
			sourceTree = "<group>";
		};
		C5EADBD229C3E7AA00C943A3 /* Common */ = {
			isa = PBXGroup;
			children = (
				C5EADBD329C3E7BC00C943A3 /* ScrollViewOffsetPreferenceKey.swift */,
			);
			path = Common;
			sourceTree = "<group>";
		};
/* End PBXGroup section */

/* Begin PBXNativeTarget section */
		C5C074EE29782A1A001B559F /* SJUCourseRecommendationService */ = {
			isa = PBXNativeTarget;
			buildConfigurationList = C5C074FD29782A1B001B559F /* Build configuration list for PBXNativeTarget "SJUCourseRecommendationService" */;
			buildPhases = (
				C5C074EB29782A1A001B559F /* Sources */,
				C5C074EC29782A1A001B559F /* Frameworks */,
				C5C074ED29782A1A001B559F /* Resources */,
			);
			buildRules = (
			);
			dependencies = (
			);
			name = SJUCourseRecommendationService;
			productName = SJUCourseRecommendationService;
			productReference = C5C074EF29782A1A001B559F /* SJUCourseRecommendationService.app */;
			productType = "com.apple.product-type.application";
		};
/* End PBXNativeTarget section */

/* Begin PBXProject section */
		C5C074E729782A1A001B559F /* Project object */ = {
			isa = PBXProject;
			attributes = {
				BuildIndependentTargetsInParallel = 1;
				LastSwiftUpdateCheck = 1420;
				LastUpgradeCheck = 1420;
				TargetAttributes = {
					C5C074EE29782A1A001B559F = {
						CreatedOnToolsVersion = 14.2;
					};
				};
			};
			buildConfigurationList = C5C074EA29782A1A001B559F /* Build configuration list for PBXProject "SJUCourseRecommendationService" */;
			compatibilityVersion = "Xcode 14.0";
			developmentRegion = en;
			hasScannedForEncodings = 0;
			knownRegions = (
				en,
				Base,
			);
			mainGroup = C5C074E629782A1A001B559F;
			productRefGroup = C5C074F029782A1A001B559F /* Products */;
			projectDirPath = "";
			projectRoot = "";
			targets = (
				C5C074EE29782A1A001B559F /* SJUCourseRecommendationService */,
			);
		};
/* End PBXProject section */

/* Begin PBXResourcesBuildPhase section */
		C5C074ED29782A1A001B559F /* Resources */ = {
			isa = PBXResourcesBuildPhase;
			buildActionMask = 2147483647;
			files = (
				C5844ABD29C95B4E00FF28C8 /* Launch Screen.storyboard in Resources */,
				C5C074FA29782A1B001B559F /* Preview Assets.xcassets in Resources */,
				C5C074F729782A1B001B559F /* Assets.xcassets in Resources */,
			);
			runOnlyForDeploymentPostprocessing = 0;
		};
/* End PBXResourcesBuildPhase section */

/* Begin PBXSourcesBuildPhase section */
		C5C074EB29782A1A001B559F /* Sources */ = {
			isa = PBXSourcesBuildPhase;
			buildActionMask = 2147483647;
			files = (
				C58EFA5429D291BB00968192 /* UserResponse.swift in Sources */,
				C52F2EBB29E299570052C2AB /* SubjectRequest.swift in Sources */,
				C5F1A2AE29E52401004EEAD2 /* JobResponse.swift in Sources */,
				C58EFA5829D2CF0000968192 /* Trend.swift in Sources */,
				C5BBF5E7297836A800E926A2 /* StartView.swift in Sources */,
				C52F2EB929E19A6E0052C2AB /* WebBrowserView.swift in Sources */,
				C52F2EB529E190200052C2AB /* ActivityComparativeResponse.swift in Sources */,
				C5EFABB029A9E89E0006E174 /* AptitudeDetailView.swift in Sources */,
				C54A38BC2A243D9E00547D71 /* Instruction.swift in Sources */,
				C5BF1AE229A9DC8200A0977E /* SearchView.swift in Sources */,
				C5B2A4002A190AB100418AC5 /* RoadmapJob.swift in Sources */,
				C57647122A01009F00338605 /* Roadmap.swift in Sources */,
				C58EFA5629D291F800968192 /* UserRequest.swift in Sources */,
				C5F1A2B829E545C8004EEAD2 /* IntroduceJobResponse.swift in Sources */,
				C5EADBD429C3E7BC00C943A3 /* ScrollViewOffsetPreferenceKey.swift in Sources */,
				C54A38BE2A2448B000547D71 /* Subject.swift in Sources */,
				C5F1A2B629E54564004EEAD2 /* IntroduceJobRequest.swift in Sources */,
				C5BBF5E52978365400E926A2 /* AppView.swift in Sources */,
				C555BA0029D6656700812F43 /* APIURL.swift in Sources */,
				C5F1A2B029E52A1E004EEAD2 /* JobRequest.swift in Sources */,
				C54A38C02A2448F100547D71 /* SubjectResponse.swift in Sources */,
				C5BBF5EB2978397D00E926A2 /* UserInformationView.swift in Sources */,
				C5C074F329782A1A001B559F /* SJUCourseRecommendationServiceApp.swift in Sources */,
				C58EFA5A29D2D17700968192 /* HomeView.swift in Sources */,
				C555B9FD29D664F200812F43 /* IntroduceLangauge.swift in Sources */,
				C5BD58EC2A24D9F200201F0E /* IntroduceSubjectResponse.swift in Sources */,
				C530BB2B2A1F69E80062B134 /* RoadmapView.swift in Sources */,
				C5B34E932A0629570030A763 /* ActivityCurriculumResponse.swift in Sources */,
				C5BBF5ED297839D100E926A2 /* ModifyInformationView.swift in Sources */,
				C5F1A2B429E53210004EEAD2 /* Stack.swift in Sources */,
				C5BD58EE2A24DA4900201F0E /* IntroduceSubjectRequest.swift in Sources */,
				C53FF55929DBE95E009337B2 /* APIError.swift in Sources */,
			);
			runOnlyForDeploymentPostprocessing = 0;
		};
/* End PBXSourcesBuildPhase section */

/* Begin XCBuildConfiguration section */
		C5C074FB29782A1B001B559F /* Debug */ = {
			isa = XCBuildConfiguration;
			buildSettings = {
				ALWAYS_SEARCH_USER_PATHS = NO;
				CLANG_ANALYZER_NONNULL = YES;
				CLANG_ANALYZER_NUMBER_OBJECT_CONVERSION = YES_AGGRESSIVE;
				CLANG_CXX_LANGUAGE_STANDARD = "gnu++20";
				CLANG_ENABLE_MODULES = YES;
				CLANG_ENABLE_OBJC_ARC = YES;
				CLANG_ENABLE_OBJC_WEAK = YES;
				CLANG_WARN_BLOCK_CAPTURE_AUTORELEASING = YES;
				CLANG_WARN_BOOL_CONVERSION = YES;
				CLANG_WARN_COMMA = YES;
				CLANG_WARN_CONSTANT_CONVERSION = YES;
				CLANG_WARN_DEPRECATED_OBJC_IMPLEMENTATIONS = YES;
				CLANG_WARN_DIRECT_OBJC_ISA_USAGE = YES_ERROR;
				CLANG_WARN_DOCUMENTATION_COMMENTS = YES;
				CLANG_WARN_EMPTY_BODY = YES;
				CLANG_WARN_ENUM_CONVERSION = YES;
				CLANG_WARN_INFINITE_RECURSION = YES;
				CLANG_WARN_INT_CONVERSION = YES;
				CLANG_WARN_NON_LITERAL_NULL_CONVERSION = YES;
				CLANG_WARN_OBJC_IMPLICIT_RETAIN_SELF = YES;
				CLANG_WARN_OBJC_LITERAL_CONVERSION = YES;
				CLANG_WARN_OBJC_ROOT_CLASS = YES_ERROR;
				CLANG_WARN_QUOTED_INCLUDE_IN_FRAMEWORK_HEADER = YES;
				CLANG_WARN_RANGE_LOOP_ANALYSIS = YES;
				CLANG_WARN_STRICT_PROTOTYPES = YES;
				CLANG_WARN_SUSPICIOUS_MOVE = YES;
				CLANG_WARN_UNGUARDED_AVAILABILITY = YES_AGGRESSIVE;
				CLANG_WARN_UNREACHABLE_CODE = YES;
				CLANG_WARN__DUPLICATE_METHOD_MATCH = YES;
				COPY_PHASE_STRIP = NO;
				DEBUG_INFORMATION_FORMAT = dwarf;
				ENABLE_STRICT_OBJC_MSGSEND = YES;
				ENABLE_TESTABILITY = YES;
				GCC_C_LANGUAGE_STANDARD = gnu11;
				GCC_DYNAMIC_NO_PIC = NO;
				GCC_NO_COMMON_BLOCKS = YES;
				GCC_OPTIMIZATION_LEVEL = 0;
				GCC_PREPROCESSOR_DEFINITIONS = (
					"DEBUG=1",
					"$(inherited)",
				);
				GCC_WARN_64_TO_32_BIT_CONVERSION = YES;
				GCC_WARN_ABOUT_RETURN_TYPE = YES_ERROR;
				GCC_WARN_UNDECLARED_SELECTOR = YES;
				GCC_WARN_UNINITIALIZED_AUTOS = YES_AGGRESSIVE;
				GCC_WARN_UNUSED_FUNCTION = YES;
				GCC_WARN_UNUSED_VARIABLE = YES;
				IPHONEOS_DEPLOYMENT_TARGET = 16.2;
				MTL_ENABLE_DEBUG_INFO = INCLUDE_SOURCE;
				MTL_FAST_MATH = YES;
				ONLY_ACTIVE_ARCH = YES;
				SDKROOT = iphoneos;
				SWIFT_ACTIVE_COMPILATION_CONDITIONS = DEBUG;
				SWIFT_OPTIMIZATION_LEVEL = "-Onone";
			};
			name = Debug;
		};
		C5C074FC29782A1B001B559F /* Release */ = {
			isa = XCBuildConfiguration;
			buildSettings = {
				ALWAYS_SEARCH_USER_PATHS = NO;
				CLANG_ANALYZER_NONNULL = YES;
				CLANG_ANALYZER_NUMBER_OBJECT_CONVERSION = YES_AGGRESSIVE;
				CLANG_CXX_LANGUAGE_STANDARD = "gnu++20";
				CLANG_ENABLE_MODULES = YES;
				CLANG_ENABLE_OBJC_ARC = YES;
				CLANG_ENABLE_OBJC_WEAK = YES;
				CLANG_WARN_BLOCK_CAPTURE_AUTORELEASING = YES;
				CLANG_WARN_BOOL_CONVERSION = YES;
				CLANG_WARN_COMMA = YES;
				CLANG_WARN_CONSTANT_CONVERSION = YES;
				CLANG_WARN_DEPRECATED_OBJC_IMPLEMENTATIONS = YES;
				CLANG_WARN_DIRECT_OBJC_ISA_USAGE = YES_ERROR;
				CLANG_WARN_DOCUMENTATION_COMMENTS = YES;
				CLANG_WARN_EMPTY_BODY = YES;
				CLANG_WARN_ENUM_CONVERSION = YES;
				CLANG_WARN_INFINITE_RECURSION = YES;
				CLANG_WARN_INT_CONVERSION = YES;
				CLANG_WARN_NON_LITERAL_NULL_CONVERSION = YES;
				CLANG_WARN_OBJC_IMPLICIT_RETAIN_SELF = YES;
				CLANG_WARN_OBJC_LITERAL_CONVERSION = YES;
				CLANG_WARN_OBJC_ROOT_CLASS = YES_ERROR;
				CLANG_WARN_QUOTED_INCLUDE_IN_FRAMEWORK_HEADER = YES;
				CLANG_WARN_RANGE_LOOP_ANALYSIS = YES;
				CLANG_WARN_STRICT_PROTOTYPES = YES;
				CLANG_WARN_SUSPICIOUS_MOVE = YES;
				CLANG_WARN_UNGUARDED_AVAILABILITY = YES_AGGRESSIVE;
				CLANG_WARN_UNREACHABLE_CODE = YES;
				CLANG_WARN__DUPLICATE_METHOD_MATCH = YES;
				COPY_PHASE_STRIP = NO;
				DEBUG_INFORMATION_FORMAT = "dwarf-with-dsym";
				ENABLE_NS_ASSERTIONS = NO;
				ENABLE_STRICT_OBJC_MSGSEND = YES;
				GCC_C_LANGUAGE_STANDARD = gnu11;
				GCC_NO_COMMON_BLOCKS = YES;
				GCC_WARN_64_TO_32_BIT_CONVERSION = YES;
				GCC_WARN_ABOUT_RETURN_TYPE = YES_ERROR;
				GCC_WARN_UNDECLARED_SELECTOR = YES;
				GCC_WARN_UNINITIALIZED_AUTOS = YES_AGGRESSIVE;
				GCC_WARN_UNUSED_FUNCTION = YES;
				GCC_WARN_UNUSED_VARIABLE = YES;
				IPHONEOS_DEPLOYMENT_TARGET = 16.2;
				MTL_ENABLE_DEBUG_INFO = NO;
				MTL_FAST_MATH = YES;
				SDKROOT = iphoneos;
				SWIFT_COMPILATION_MODE = wholemodule;
				SWIFT_OPTIMIZATION_LEVEL = "-O";
				VALIDATE_PRODUCT = YES;
			};
			name = Release;
		};
		C5C074FE29782A1B001B559F /* Debug */ = {
			isa = XCBuildConfiguration;
			buildSettings = {
				ASSETCATALOG_COMPILER_APPICON_NAME = AppIcon;
				ASSETCATALOG_COMPILER_GLOBAL_ACCENT_COLOR_NAME = AccentColor;
				CODE_SIGN_IDENTITY = "Apple Development";
				CODE_SIGN_STYLE = Automatic;
				CURRENT_PROJECT_VERSION = 1;
				DEVELOPMENT_ASSET_PATHS = "\"SJUCourseRecommendationService/Preview Content\"";
				DEVELOPMENT_TEAM = FNC65X95VM;
				ENABLE_PREVIEWS = YES;
				GENERATE_INFOPLIST_FILE = YES;
				INFOPLIST_FILE = SJUCourseRecommendationService/Info.plist;
				INFOPLIST_KEY_CFBundleDisplayName = "넌뭐듣냐?";
				INFOPLIST_KEY_UIApplicationSceneManifest_Generation = YES;
				INFOPLIST_KEY_UIApplicationSupportsIndirectInputEvents = YES;
				INFOPLIST_KEY_UILaunchScreen_Generation = YES;
				INFOPLIST_KEY_UISupportedInterfaceOrientations_iPad = "UIInterfaceOrientationPortrait UIInterfaceOrientationPortraitUpsideDown UIInterfaceOrientationLandscapeLeft UIInterfaceOrientationLandscapeRight";
				INFOPLIST_KEY_UISupportedInterfaceOrientations_iPhone = "UIInterfaceOrientationPortrait UIInterfaceOrientationLandscapeLeft UIInterfaceOrientationLandscapeRight";
				IPHONEOS_DEPLOYMENT_TARGET = 16.0;
				LD_RUNPATH_SEARCH_PATHS = (
					"$(inherited)",
					"@executable_path/Frameworks",
				);
				MARKETING_VERSION = 1.0;
				PRODUCT_BUNDLE_IDENTIFIER = "com.2023-1SejongCreativeSemester.SJUCourseRecommendationService";
				PRODUCT_NAME = "$(TARGET_NAME)";
				PROVISIONING_PROFILE_SPECIFIER = "";
				SWIFT_EMIT_LOC_STRINGS = YES;
				SWIFT_VERSION = 5.0;
				TARGETED_DEVICE_FAMILY = "1,2";
			};
			name = Debug;
		};
		C5C074FF29782A1B001B559F /* Release */ = {
			isa = XCBuildConfiguration;
			buildSettings = {
				ASSETCATALOG_COMPILER_APPICON_NAME = AppIcon;
				ASSETCATALOG_COMPILER_GLOBAL_ACCENT_COLOR_NAME = AccentColor;
				CODE_SIGN_IDENTITY = "Apple Development";
				CODE_SIGN_STYLE = Automatic;
				CURRENT_PROJECT_VERSION = 1;
				DEVELOPMENT_ASSET_PATHS = "\"SJUCourseRecommendationService/Preview Content\"";
				DEVELOPMENT_TEAM = FNC65X95VM;
				ENABLE_PREVIEWS = YES;
				GENERATE_INFOPLIST_FILE = YES;
				INFOPLIST_FILE = SJUCourseRecommendationService/Info.plist;
				INFOPLIST_KEY_CFBundleDisplayName = "넌뭐듣냐?";
				INFOPLIST_KEY_UIApplicationSceneManifest_Generation = YES;
				INFOPLIST_KEY_UIApplicationSupportsIndirectInputEvents = YES;
				INFOPLIST_KEY_UILaunchScreen_Generation = YES;
				INFOPLIST_KEY_UISupportedInterfaceOrientations_iPad = "UIInterfaceOrientationPortrait UIInterfaceOrientationPortraitUpsideDown UIInterfaceOrientationLandscapeLeft UIInterfaceOrientationLandscapeRight";
				INFOPLIST_KEY_UISupportedInterfaceOrientations_iPhone = "UIInterfaceOrientationPortrait UIInterfaceOrientationLandscapeLeft UIInterfaceOrientationLandscapeRight";
				IPHONEOS_DEPLOYMENT_TARGET = 16.0;
				LD_RUNPATH_SEARCH_PATHS = (
					"$(inherited)",
					"@executable_path/Frameworks",
				);
				MARKETING_VERSION = 1.0;
				PRODUCT_BUNDLE_IDENTIFIER = "com.2023-1SejongCreativeSemester.SJUCourseRecommendationService";
				PRODUCT_NAME = "$(TARGET_NAME)";
				PROVISIONING_PROFILE_SPECIFIER = "";
				SWIFT_EMIT_LOC_STRINGS = YES;
				SWIFT_VERSION = 5.0;
				TARGETED_DEVICE_FAMILY = "1,2";
			};
			name = Release;
		};
/* End XCBuildConfiguration section */

/* Begin XCConfigurationList section */
		C5C074EA29782A1A001B559F /* Build configuration list for PBXProject "SJUCourseRecommendationService" */ = {
			isa = XCConfigurationList;
			buildConfigurations = (
				C5C074FB29782A1B001B559F /* Debug */,
				C5C074FC29782A1B001B559F /* Release */,
			);
			defaultConfigurationIsVisible = 0;
			defaultConfigurationName = Release;
		};
		C5C074FD29782A1B001B559F /* Build configuration list for PBXNativeTarget "SJUCourseRecommendationService" */ = {
			isa = XCConfigurationList;
			buildConfigurations = (
				C5C074FE29782A1B001B559F /* Debug */,
				C5C074FF29782A1B001B559F /* Release */,
			);
			defaultConfigurationIsVisible = 0;
			defaultConfigurationName = Release;
		};
/* End XCConfigurationList section */
	};
	rootObject = C5C074E729782A1A001B559F /* Project object */;
}
