// !$*UTF8*$!
{
	archiveVersion = 1;
	classes = {
	};
	objectVersion = 56;
	objects = {

/* Begin PBXBuildFile section */
		C5BBF5E52978365400E926A2 /* AppView.swift in Sources */ = {isa = PBXBuildFile; fileRef = C5BBF5E42978365400E926A2 /* AppView.swift */; };
		C5BBF5E7297836A800E926A2 /* StartView.swift in Sources */ = {isa = PBXBuildFile; fileRef = C5BBF5E6297836A800E926A2 /* StartView.swift */; };
		C5BBF5E9297836B200E926A2 /* MainView.swift in Sources */ = {isa = PBXBuildFile; fileRef = C5BBF5E8297836B200E926A2 /* MainView.swift */; };
		C5BBF5EB2978397D00E926A2 /* UserInformationView.swift in Sources */ = {isa = PBXBuildFile; fileRef = C5BBF5EA2978397D00E926A2 /* UserInformationView.swift */; };
		C5BBF5ED297839D100E926A2 /* ModifyInformationView.swift in Sources */ = {isa = PBXBuildFile; fileRef = C5BBF5EC297839D100E926A2 /* ModifyInformationView.swift */; };
		C5BF1AE229A9DC8200A0977E /* SearchAptitudeView.swift in Sources */ = {isa = PBXBuildFile; fileRef = C5BF1AE129A9DC8200A0977E /* SearchAptitudeView.swift */; };
		C5C074F329782A1A001B559F /* SJUCourseRecommendationServiceApp.swift in Sources */ = {isa = PBXBuildFile; fileRef = C5C074F229782A1A001B559F /* SJUCourseRecommendationServiceApp.swift */; };
		C5C074F729782A1B001B559F /* Assets.xcassets in Resources */ = {isa = PBXBuildFile; fileRef = C5C074F629782A1B001B559F /* Assets.xcassets */; };
		C5C074FA29782A1B001B559F /* Preview Assets.xcassets in Resources */ = {isa = PBXBuildFile; fileRef = C5C074F929782A1B001B559F /* Preview Assets.xcassets */; };
		C5EFABB029A9E89E0006E174 /* AptitudeDetailView.swift in Sources */ = {isa = PBXBuildFile; fileRef = C5EFABAF29A9E89E0006E174 /* AptitudeDetailView.swift */; };
/* End PBXBuildFile section */

/* Begin PBXFileReference section */
		C5BBF5E32978307000E926A2 /* Info.plist */ = {isa = PBXFileReference; lastKnownFileType = text.plist; path = Info.plist; sourceTree = "<group>"; };
		C5BBF5E42978365400E926A2 /* AppView.swift */ = {isa = PBXFileReference; lastKnownFileType = sourcecode.swift; path = AppView.swift; sourceTree = "<group>"; };
		C5BBF5E6297836A800E926A2 /* StartView.swift */ = {isa = PBXFileReference; lastKnownFileType = sourcecode.swift; path = StartView.swift; sourceTree = "<group>"; };
		C5BBF5E8297836B200E926A2 /* MainView.swift */ = {isa = PBXFileReference; lastKnownFileType = sourcecode.swift; path = MainView.swift; sourceTree = "<group>"; };
		C5BBF5EA2978397D00E926A2 /* UserInformationView.swift */ = {isa = PBXFileReference; lastKnownFileType = sourcecode.swift; path = UserInformationView.swift; sourceTree = "<group>"; };
		C5BBF5EC297839D100E926A2 /* ModifyInformationView.swift */ = {isa = PBXFileReference; lastKnownFileType = sourcecode.swift; path = ModifyInformationView.swift; sourceTree = "<group>"; };
		C5BF1AE129A9DC8200A0977E /* SearchAptitudeView.swift */ = {isa = PBXFileReference; lastKnownFileType = sourcecode.swift; path = SearchAptitudeView.swift; sourceTree = "<group>"; };
		C5C074EF29782A1A001B559F /* SJUCourseRecommendationService.app */ = {isa = PBXFileReference; explicitFileType = wrapper.application; includeInIndex = 0; path = SJUCourseRecommendationService.app; sourceTree = BUILT_PRODUCTS_DIR; };
		C5C074F229782A1A001B559F /* SJUCourseRecommendationServiceApp.swift */ = {isa = PBXFileReference; lastKnownFileType = sourcecode.swift; path = SJUCourseRecommendationServiceApp.swift; sourceTree = "<group>"; };
		C5C074F629782A1B001B559F /* Assets.xcassets */ = {isa = PBXFileReference; lastKnownFileType = folder.assetcatalog; path = Assets.xcassets; sourceTree = "<group>"; };
		C5C074F929782A1B001B559F /* Preview Assets.xcassets */ = {isa = PBXFileReference; lastKnownFileType = folder.assetcatalog; path = "Preview Assets.xcassets"; sourceTree = "<group>"; };
		C5EFABAF29A9E89E0006E174 /* AptitudeDetailView.swift */ = {isa = PBXFileReference; lastKnownFileType = sourcecode.swift; path = AptitudeDetailView.swift; sourceTree = "<group>"; };
/* End PBXFileReference section */

/* Begin PBXFrameworksBuildPhase section */
		C5C074EC29782A1A001B559F /* Frameworks */ = {
			isa = PBXFrameworksBuildPhase;
			buildActionMask = 2147483647;
			files = (
			);
			runOnlyForDeploymentPostprocessing = 0;
		};
/* End PBXFrameworksBuildPhase section */

/* Begin PBXGroup section */
		C5C074E629782A1A001B559F = {
			isa = PBXGroup;
			children = (
				C5C074F129782A1A001B559F /* SJUCourseRecommendationService */,
				C5C074F029782A1A001B559F /* Products */,
			);
			sourceTree = "<group>";
		};
		C5C074F029782A1A001B559F /* Products */ = {
			isa = PBXGroup;
			children = (
				C5C074EF29782A1A001B559F /* SJUCourseRecommendationService.app */,
			);
			name = Products;
			sourceTree = "<group>";
		};
		C5C074F129782A1A001B559F /* SJUCourseRecommendationService */ = {
			isa = PBXGroup;
			children = (
				C5BBF5E32978307000E926A2 /* Info.plist */,
				C5C074F229782A1A001B559F /* SJUCourseRecommendationServiceApp.swift */,
				C5BBF5E42978365400E926A2 /* AppView.swift */,
				C5BBF5E6297836A800E926A2 /* StartView.swift */,
				C5BF1AE129A9DC8200A0977E /* SearchAptitudeView.swift */,
				C5EFABAF29A9E89E0006E174 /* AptitudeDetailView.swift */,
				C5BBF5EA2978397D00E926A2 /* UserInformationView.swift */,
				C5BBF5EC297839D100E926A2 /* ModifyInformationView.swift */,
				C5BBF5E8297836B200E926A2 /* MainView.swift */,
				C5C074F629782A1B001B559F /* Assets.xcassets */,
				C5C074F829782A1B001B559F /* Preview Content */,
			);
			path = SJUCourseRecommendationService;
			sourceTree = "<group>";
		};
		C5C074F829782A1B001B559F /* Preview Content */ = {
			isa = PBXGroup;
			children = (
				C5C074F929782A1B001B559F /* Preview Assets.xcassets */,
			);
			path = "Preview Content";
			sourceTree = "<group>";
		};
/* End PBXGroup section */

/* Begin PBXNativeTarget section */
		C5C074EE29782A1A001B559F /* SJUCourseRecommendationService */ = {
			isa = PBXNativeTarget;
			buildConfigurationList = C5C074FD29782A1B001B559F /* Build configuration list for PBXNativeTarget "SJUCourseRecommendationService" */;
			buildPhases = (
				C5C074EB29782A1A001B559F /* Sources */,
				C5C074EC29782A1A001B559F /* Frameworks */,
				C5C074ED29782A1A001B559F /* Resources */,
			);
			buildRules = (
			);
			dependencies = (
			);
			name = SJUCourseRecommendationService;
			productName = SJUCourseRecommendationService;
			productReference = C5C074EF29782A1A001B559F /* SJUCourseRecommendationService.app */;
			productType = "com.apple.product-type.application";
		};
/* End PBXNativeTarget section */

/* Begin PBXProject section */
		C5C074E729782A1A001B559F /* Project object */ = {
			isa = PBXProject;
			attributes = {
				BuildIndependentTargetsInParallel = 1;
				LastSwiftUpdateCheck = 1420;
				LastUpgradeCheck = 1420;
				TargetAttributes = {
					C5C074EE29782A1A001B559F = {
						CreatedOnToolsVersion = 14.2;
					};
				};
			};
			buildConfigurationList = C5C074EA29782A1A001B559F /* Build configuration list for PBXProject "SJUCourseRecommendationService" */;
			compatibilityVersion = "Xcode 14.0";
			developmentRegion = en;
			hasScannedForEncodings = 0;
			knownRegions = (
				en,
				Base,
			);
			mainGroup = C5C074E629782A1A001B559F;
			productRefGroup = C5C074F029782A1A001B559F /* Products */;
			projectDirPath = "";
			projectRoot = "";
			targets = (
				C5C074EE29782A1A001B559F /* SJUCourseRecommendationService */,
			);
		};
/* End PBXProject section */

/* Begin PBXResourcesBuildPhase section */
		C5C074ED29782A1A001B559F /* Resources */ = {
			isa = PBXResourcesBuildPhase;
			buildActionMask = 2147483647;
			files = (
				C5C074FA29782A1B001B559F /* Preview Assets.xcassets in Resources */,
				C5C074F729782A1B001B559F /* Assets.xcassets in Resources */,
			);
			runOnlyForDeploymentPostprocessing = 0;
		};
/* End PBXResourcesBuildPhase section */

/* Begin PBXSourcesBuildPhase section */
		C5C074EB29782A1A001B559F /* Sources */ = {
			isa = PBXSourcesBuildPhase;
			buildActionMask = 2147483647;
			files = (
				C5BBF5E7297836A800E926A2 /* StartView.swift in Sources */,
				C5EFABB029A9E89E0006E174 /* AptitudeDetailView.swift in Sources */,
				C5BF1AE229A9DC8200A0977E /* SearchAptitudeView.swift in Sources */,
				C5BBF5E9297836B200E926A2 /* MainView.swift in Sources */,
				C5BBF5E52978365400E926A2 /* AppView.swift in Sources */,
				C5BBF5EB2978397D00E926A2 /* UserInformationView.swift in Sources */,
				C5C074F329782A1A001B559F /* SJUCourseRecommendationServiceApp.swift in Sources */,
				C5BBF5ED297839D100E926A2 /* ModifyInformationView.swift in Sources */,
			);
			runOnlyForDeploymentPostprocessing = 0;
		};
/* End PBXSourcesBuildPhase section */

/* Begin XCBuildConfiguration section */
		C5C074FB29782A1B001B559F /* Debug */ = {
			isa = XCBuildConfiguration;
			buildSettings = {
				ALWAYS_SEARCH_USER_PATHS = NO;
				CLANG_ANALYZER_NONNULL = YES;
				CLANG_ANALYZER_NUMBER_OBJECT_CONVERSION = YES_AGGRESSIVE;
				CLANG_CXX_LANGUAGE_STANDARD = "gnu++20";
				CLANG_ENABLE_MODULES = YES;
				CLANG_ENABLE_OBJC_ARC = YES;
				CLANG_ENABLE_OBJC_WEAK = YES;
				CLANG_WARN_BLOCK_CAPTURE_AUTORELEASING = YES;
				CLANG_WARN_BOOL_CONVERSION = YES;
				CLANG_WARN_COMMA = YES;
				CLANG_WARN_CONSTANT_CONVERSION = YES;
				CLANG_WARN_DEPRECATED_OBJC_IMPLEMENTATIONS = YES;
				CLANG_WARN_DIRECT_OBJC_ISA_USAGE = YES_ERROR;
				CLANG_WARN_DOCUMENTATION_COMMENTS = YES;
				CLANG_WARN_EMPTY_BODY = YES;
				CLANG_WARN_ENUM_CONVERSION = YES;
				CLANG_WARN_INFINITE_RECURSION = YES;
				CLANG_WARN_INT_CONVERSION = YES;
				CLANG_WARN_NON_LITERAL_NULL_CONVERSION = YES;
				CLANG_WARN_OBJC_IMPLICIT_RETAIN_SELF = YES;
				CLANG_WARN_OBJC_LITERAL_CONVERSION = YES;
				CLANG_WARN_OBJC_ROOT_CLASS = YES_ERROR;
				CLANG_WARN_QUOTED_INCLUDE_IN_FRAMEWORK_HEADER = YES;
				CLANG_WARN_RANGE_LOOP_ANALYSIS = YES;
				CLANG_WARN_STRICT_PROTOTYPES = YES;
				CLANG_WARN_SUSPICIOUS_MOVE = YES;
				CLANG_WARN_UNGUARDED_AVAILABILITY = YES_AGGRESSIVE;
				CLANG_WARN_UNREACHABLE_CODE = YES;
				CLANG_WARN__DUPLICATE_METHOD_MATCH = YES;
				COPY_PHASE_STRIP = NO;
				DEBUG_INFORMATION_FORMAT = dwarf;
				ENABLE_STRICT_OBJC_MSGSEND = YES;
				ENABLE_TESTABILITY = YES;
				GCC_C_LANGUAGE_STANDARD = gnu11;
				GCC_DYNAMIC_NO_PIC = NO;
				GCC_NO_COMMON_BLOCKS = YES;
				GCC_OPTIMIZATION_LEVEL = 0;
				GCC_PREPROCESSOR_DEFINITIONS = (
					"DEBUG=1",
					"$(inherited)",
				);
				GCC_WARN_64_TO_32_BIT_CONVERSION = YES;
				GCC_WARN_ABOUT_RETURN_TYPE = YES_ERROR;
				GCC_WARN_UNDECLARED_SELECTOR = YES;
				GCC_WARN_UNINITIALIZED_AUTOS = YES_AGGRESSIVE;
				GCC_WARN_UNUSED_FUNCTION = YES;
				GCC_WARN_UNUSED_VARIABLE = YES;
				IPHONEOS_DEPLOYMENT_TARGET = 16.2;
				MTL_ENABLE_DEBUG_INFO = INCLUDE_SOURCE;
				MTL_FAST_MATH = YES;
				ONLY_ACTIVE_ARCH = YES;
				SDKROOT = iphoneos;
				SWIFT_ACTIVE_COMPILATION_CONDITIONS = DEBUG;
				SWIFT_OPTIMIZATION_LEVEL = "-Onone";
			};
			name = Debug;
		};
		C5C074FC29782A1B001B559F /* Release */ = {
			isa = XCBuildConfiguration;
			buildSettings = {
				ALWAYS_SEARCH_USER_PATHS = NO;
				CLANG_ANALYZER_NONNULL = YES;
				CLANG_ANALYZER_NUMBER_OBJECT_CONVERSION = YES_AGGRESSIVE;
				CLANG_CXX_LANGUAGE_STANDARD = "gnu++20";
				CLANG_ENABLE_MODULES = YES;
				CLANG_ENABLE_OBJC_ARC = YES;
				CLANG_ENABLE_OBJC_WEAK = YES;
				CLANG_WARN_BLOCK_CAPTURE_AUTORELEASING = YES;
				CLANG_WARN_BOOL_CONVERSION = YES;
				CLANG_WARN_COMMA = YES;
				CLANG_WARN_CONSTANT_CONVERSION = YES;
				CLANG_WARN_DEPRECATED_OBJC_IMPLEMENTATIONS = YES;
				CLANG_WARN_DIRECT_OBJC_ISA_USAGE = YES_ERROR;
				CLANG_WARN_DOCUMENTATION_COMMENTS = YES;
				CLANG_WARN_EMPTY_BODY = YES;
				CLANG_WARN_ENUM_CONVERSION = YES;
				CLANG_WARN_INFINITE_RECURSION = YES;
				CLANG_WARN_INT_CONVERSION = YES;
				CLANG_WARN_NON_LITERAL_NULL_CONVERSION = YES;
				CLANG_WARN_OBJC_IMPLICIT_RETAIN_SELF = YES;
				CLANG_WARN_OBJC_LITERAL_CONVERSION = YES;
				CLANG_WARN_OBJC_ROOT_CLASS = YES_ERROR;
				CLANG_WARN_QUOTED_INCLUDE_IN_FRAMEWORK_HEADER = YES;
				CLANG_WARN_RANGE_LOOP_ANALYSIS = YES;
				CLANG_WARN_STRICT_PROTOTYPES = YES;
				CLANG_WARN_SUSPICIOUS_MOVE = YES;
				CLANG_WARN_UNGUARDED_AVAILABILITY = YES_AGGRESSIVE;
				CLANG_WARN_UNREACHABLE_CODE = YES;
				CLANG_WARN__DUPLICATE_METHOD_MATCH = YES;
				COPY_PHASE_STRIP = NO;
				DEBUG_INFORMATION_FORMAT = "dwarf-with-dsym";
				ENABLE_NS_ASSERTIONS = NO;
				ENABLE_STRICT_OBJC_MSGSEND = YES;
				GCC_C_LANGUAGE_STANDARD = gnu11;
				GCC_NO_COMMON_BLOCKS = YES;
				GCC_WARN_64_TO_32_BIT_CONVERSION = YES;
				GCC_WARN_ABOUT_RETURN_TYPE = YES_ERROR;
				GCC_WARN_UNDECLARED_SELECTOR = YES;
				GCC_WARN_UNINITIALIZED_AUTOS = YES_AGGRESSIVE;
				GCC_WARN_UNUSED_FUNCTION = YES;
				GCC_WARN_UNUSED_VARIABLE = YES;
				IPHONEOS_DEPLOYMENT_TARGET = 16.2;
				MTL_ENABLE_DEBUG_INFO = NO;
				MTL_FAST_MATH = YES;
				SDKROOT = iphoneos;
				SWIFT_COMPILATION_MODE = wholemodule;
				SWIFT_OPTIMIZATION_LEVEL = "-O";
				VALIDATE_PRODUCT = YES;
			};
			name = Release;
		};
		C5C074FE29782A1B001B559F /* Debug */ = {
			isa = XCBuildConfiguration;
			buildSettings = {
				ASSETCATALOG_COMPILER_APPICON_NAME = AppIcon;
				ASSETCATALOG_COMPILER_GLOBAL_ACCENT_COLOR_NAME = AccentColor;
				CODE_SIGN_IDENTITY = "Apple Development";
				CODE_SIGN_STYLE = Automatic;
				CURRENT_PROJECT_VERSION = 1;
				DEVELOPMENT_ASSET_PATHS = "\"SJUCourseRecommendationService/Preview Content\"";
				DEVELOPMENT_TEAM = FNC65X95VM;
				ENABLE_PREVIEWS = YES;
				GENERATE_INFOPLIST_FILE = YES;
				INFOPLIST_FILE = SJUCourseRecommendationService/Info.plist;
				INFOPLIST_KEY_UIApplicationSceneManifest_Generation = YES;
				INFOPLIST_KEY_UIApplicationSupportsIndirectInputEvents = YES;
				INFOPLIST_KEY_UILaunchScreen_Generation = YES;
				INFOPLIST_KEY_UISupportedInterfaceOrientations_iPad = "UIInterfaceOrientationPortrait UIInterfaceOrientationPortraitUpsideDown UIInterfaceOrientationLandscapeLeft UIInterfaceOrientationLandscapeRight";
				INFOPLIST_KEY_UISupportedInterfaceOrientations_iPhone = "UIInterfaceOrientationPortrait UIInterfaceOrientationLandscapeLeft UIInterfaceOrientationLandscapeRight";
				IPHONEOS_DEPLOYMENT_TARGET = 16.0;
				LD_RUNPATH_SEARCH_PATHS = (
					"$(inherited)",
					"@executable_path/Frameworks",
				);
				MARKETING_VERSION = 1.0;
				PRODUCT_BUNDLE_IDENTIFIER = "com.2023-1SejongCreativeSemester.SJUCourseRecommendationService";
				PRODUCT_NAME = "$(TARGET_NAME)";
				PROVISIONING_PROFILE_SPECIFIER = "";
				SWIFT_EMIT_LOC_STRINGS = YES;
				SWIFT_VERSION = 5.0;
				TARGETED_DEVICE_FAMILY = "1,2";
			};
			name = Debug;
		};
		C5C074FF29782A1B001B559F /* Release */ = {
			isa = XCBuildConfiguration;
			buildSettings = {
				ASSETCATALOG_COMPILER_APPICON_NAME = AppIcon;
				ASSETCATALOG_COMPILER_GLOBAL_ACCENT_COLOR_NAME = AccentColor;
				CODE_SIGN_IDENTITY = "Apple Development";
				CODE_SIGN_STYLE = Automatic;
				CURRENT_PROJECT_VERSION = 1;
				DEVELOPMENT_ASSET_PATHS = "\"SJUCourseRecommendationService/Preview Content\"";
				DEVELOPMENT_TEAM = FNC65X95VM;
				ENABLE_PREVIEWS = YES;
				GENERATE_INFOPLIST_FILE = YES;
				INFOPLIST_FILE = SJUCourseRecommendationService/Info.plist;
				INFOPLIST_KEY_UIApplicationSceneManifest_Generation = YES;
				INFOPLIST_KEY_UIApplicationSupportsIndirectInputEvents = YES;
				INFOPLIST_KEY_UILaunchScreen_Generation = YES;
				INFOPLIST_KEY_UISupportedInterfaceOrientations_iPad = "UIInterfaceOrientationPortrait UIInterfaceOrientationPortraitUpsideDown UIInterfaceOrientationLandscapeLeft UIInterfaceOrientationLandscapeRight";
				INFOPLIST_KEY_UISupportedInterfaceOrientations_iPhone = "UIInterfaceOrientationPortrait UIInterfaceOrientationLandscapeLeft UIInterfaceOrientationLandscapeRight";
				IPHONEOS_DEPLOYMENT_TARGET = 16.0;
				LD_RUNPATH_SEARCH_PATHS = (
					"$(inherited)",
					"@executable_path/Frameworks",
				);
				MARKETING_VERSION = 1.0;
				PRODUCT_BUNDLE_IDENTIFIER = "com.2023-1SejongCreativeSemester.SJUCourseRecommendationService";
				PRODUCT_NAME = "$(TARGET_NAME)";
				PROVISIONING_PROFILE_SPECIFIER = "";
				SWIFT_EMIT_LOC_STRINGS = YES;
				SWIFT_VERSION = 5.0;
				TARGETED_DEVICE_FAMILY = "1,2";
			};
			name = Release;
		};
/* End XCBuildConfiguration section */

/* Begin XCConfigurationList section */
		C5C074EA29782A1A001B559F /* Build configuration list for PBXProject "SJUCourseRecommendationService" */ = {
			isa = XCConfigurationList;
			buildConfigurations = (
				C5C074FB29782A1B001B559F /* Debug */,
				C5C074FC29782A1B001B559F /* Release */,
			);
			defaultConfigurationIsVisible = 0;
			defaultConfigurationName = Release;
		};
		C5C074FD29782A1B001B559F /* Build configuration list for PBXNativeTarget "SJUCourseRecommendationService" */ = {
			isa = XCConfigurationList;
			buildConfigurations = (
				C5C074FE29782A1B001B559F /* Debug */,
				C5C074FF29782A1B001B559F /* Release */,
			);
			defaultConfigurationIsVisible = 0;
			defaultConfigurationName = Release;
		};
/* End XCConfigurationList section */
	};
	rootObject = C5C074E729782A1A001B559F /* Project object */;
}
